{
  "version": "3",
  "packages": {
    "specifiers": {
      "npm:json5": "npm:json5@2.2.3",
      "npm:qs": "npm:qs@6.11.2",
      "npm:query-string": "npm:query-string@8.1.0"
    },
    "npm": {
      "call-bind@1.0.5": {
        "integrity": "sha512-C3nQxfFZxFRVoJoGKKI8y3MOEo129NQ+FgQ08iye+Mk4zNZZGdjfs06bVTr+DBSlA66Q2VEcMki/cUCP4SercQ==",
        "dependencies": {
          "function-bind": "function-bind@1.1.2",
          "get-intrinsic": "get-intrinsic@1.2.2",
          "set-function-length": "set-function-length@1.1.1"
        }
      },
      "decode-uri-component@0.4.1": {
        "integrity": "sha512-+8VxcR21HhTy8nOt6jf20w0c9CADrw1O8d+VZ/YzzCt4bJ3uBjw+D1q2osAB8RnpwwaeYBxy0HyKQxD5JBMuuQ==",
        "dependencies": {}
      },
      "define-data-property@1.1.1": {
        "integrity": "sha512-E7uGkTzkk1d0ByLeSc6ZsFS79Axg+m1P/VsgYsxHgiuc3tFSj+MjMIwe90FC4lOAZzNBdY7kkO2P2wKdsQ1vgQ==",
        "dependencies": {
          "get-intrinsic": "get-intrinsic@1.2.2",
          "gopd": "gopd@1.0.1",
          "has-property-descriptors": "has-property-descriptors@1.0.1"
        }
      },
      "filter-obj@5.1.0": {
        "integrity": "sha512-qWeTREPoT7I0bifpPUXtxkZJ1XJzxWtfoWWkdVGqa+eCr3SHW/Ocp89o8vLvbUuQnadybJpjOKu4V+RwO6sGng==",
        "dependencies": {}
      },
      "function-bind@1.1.2": {
        "integrity": "sha512-7XHNxH7qX9xG5mIwxkhumTox/MIRNcOgDrxWsMt2pAr23WHp6MrRlN7FBSFpCpr+oVO0F744iUgR82nJMfG2SA==",
        "dependencies": {}
      },
      "get-intrinsic@1.2.2": {
        "integrity": "sha512-0gSo4ml/0j98Y3lngkFEot/zhiCeWsbYIlZ+uZOVgzLyLaUw7wxUL+nCTP0XJvJg1AXulJRI3UJi8GsbDuxdGA==",
        "dependencies": {
          "function-bind": "function-bind@1.1.2",
          "has-proto": "has-proto@1.0.1",
          "has-symbols": "has-symbols@1.0.3",
          "hasown": "hasown@2.0.0"
        }
      },
      "gopd@1.0.1": {
        "integrity": "sha512-d65bNlIadxvpb/A2abVdlqKqV563juRnZ1Wtk6s1sIR8uNsXR70xqIzVqxVf1eTqDunwT2MkczEeaezCKTZhwA==",
        "dependencies": {
          "get-intrinsic": "get-intrinsic@1.2.2"
        }
      },
      "has-property-descriptors@1.0.1": {
        "integrity": "sha512-VsX8eaIewvas0xnvinAe9bw4WfIeODpGYikiWYLH+dma0Jw6KHYqWiWfhQlgOVK8D6PvjubK5Uc4P0iIhIcNVg==",
        "dependencies": {
          "get-intrinsic": "get-intrinsic@1.2.2"
        }
      },
      "has-proto@1.0.1": {
        "integrity": "sha512-7qE+iP+O+bgF9clE5+UoBFzE65mlBiVj3tKCrlNQ0Ogwm0BjpT/gK4SlLYDMybDh5I3TCTKnPPa0oMG7JDYrhg==",
        "dependencies": {}
      },
      "has-symbols@1.0.3": {
        "integrity": "sha512-l3LCuF6MgDNwTDKkdYGEihYjt5pRPbEg46rtlmnSPlUbgmB8LOIrKJbYYFBSbnPaJexMKtiPO8hmeRjRz2Td+A==",
        "dependencies": {}
      },
      "hasown@2.0.0": {
        "integrity": "sha512-vUptKVTpIJhcczKBbgnS+RtcuYMB8+oNzPK2/Hp3hanz8JmpATdmmgLgSaadVREkDm+e2giHwY3ZRkyjSIDDFA==",
        "dependencies": {
          "function-bind": "function-bind@1.1.2"
        }
      },
      "json5@2.2.3": {
        "integrity": "sha512-XmOWe7eyHYH14cLdVPoyg+GOH3rYX++KpzrylJwSW98t3Nk+U8XOl8FWKOgwtzdb8lXGf6zYwDUzeHMWfxasyg==",
        "dependencies": {}
      },
      "object-inspect@1.13.1": {
        "integrity": "sha512-5qoj1RUiKOMsCCNLV1CBiPYE10sziTsnmNxkAI/rZhiD63CF7IqdFGC/XzjWjpSgLf0LxXX3bDFIh0E18f6UhQ==",
        "dependencies": {}
      },
      "qs@6.11.2": {
        "integrity": "sha512-tDNIz22aBzCDxLtVH++VnTfzxlfeK5CbqohpSqpJgj1Wg/cQbStNAz3NuqCs5vV+pjBsK4x4pN9HlVh7rcYRiA==",
        "dependencies": {
          "side-channel": "side-channel@1.0.4"
        }
      },
      "query-string@8.1.0": {
        "integrity": "sha512-BFQeWxJOZxZGix7y+SByG3F36dA0AbTy9o6pSmKFcFz7DAj0re9Frkty3saBn3nHo3D0oZJ/+rx3r8H8r8Jbpw==",
        "dependencies": {
          "decode-uri-component": "decode-uri-component@0.4.1",
          "filter-obj": "filter-obj@5.1.0",
          "split-on-first": "split-on-first@3.0.0"
        }
      },
      "set-function-length@1.1.1": {
        "integrity": "sha512-VoaqjbBJKiWtg4yRcKBQ7g7wnGnLV3M8oLvVWwOk2PdYY6PEFegR1vezXR0tw6fZGF9csVakIRjrJiy2veSBFQ==",
        "dependencies": {
          "define-data-property": "define-data-property@1.1.1",
          "get-intrinsic": "get-intrinsic@1.2.2",
          "gopd": "gopd@1.0.1",
          "has-property-descriptors": "has-property-descriptors@1.0.1"
        }
      },
      "side-channel@1.0.4": {
        "integrity": "sha512-q5XPytqFEIKHkGdiMIrY10mvLRvnQh42/+GoBlFW3b2LXLE2xxJpZFdm94we0BaoV3RwJyGqg5wS7epxTv0Zvw==",
        "dependencies": {
          "call-bind": "call-bind@1.0.5",
          "get-intrinsic": "get-intrinsic@1.2.2",
          "object-inspect": "object-inspect@1.13.1"
        }
      },
      "split-on-first@3.0.0": {
        "integrity": "sha512-qxQJTx2ryR0Dw0ITYyekNQWpz6f8dGd7vffGNflQQ3Iqj9NJ6qiZ7ELpZsJ/QBhIVAiDfXdag3+Gp8RvWa62AA==",
        "dependencies": {}
      }
    }
  },
  "remote": {}
}
