{
  "version": "3",
  "packages": {
    "specifiers": {
      "jsr:@opentf/obj-diff@^0.11.0": "jsr:@opentf/obj-diff@0.11.0",
      "jsr:@opentf/std@0.12.0": "jsr:@opentf/std@0.12.0",
      "jsr:@std/semver@^0.224.0": "jsr:@std/semver@0.224.3",
      "npm:jsr": "npm:jsr@0.12.4"
    },
    "jsr": {
      "@opentf/obj-diff@0.11.0": {
        "integrity": "61f2d870b6b437fbf339ea020a0f9920ee889a1236a6618d81027dee73e90b2f",
        "dependencies": [
          "jsr:@opentf/std@0.12.0"
        ]
      },
      "@opentf/std@0.12.0": {
        "integrity": "a78ec5cee300c4379dda0e92458ae372a9e871daef7b2aa2a53cb2314a276980"
      },
      "@std/semver@0.224.3": {
        "integrity": "7bb34b5ad46de2c0c73de0ca3e30081ef64b4361f66abd57c84ff1011c6a1233"
      }
    },
    "npm": {
      "jsr@0.12.4": {
        "integrity": "sha512-ZWDvqQE8014fWz9QBrkiuvRQ8mH97PRD13VIDzoMXDem3ff2S+wfXw+YAvrZE0aKzxh9FuHJX0HQRQ2MUHshig==",
        "dependencies": {
          "kolorist": "kolorist@1.8.0",
          "node-stream-zip": "node-stream-zip@1.15.0",
          "semiver": "semiver@1.1.0"
        }
      },
      "kolorist@1.8.0": {
        "integrity": "sha512-Y+60/zizpJ3HRH8DCss+q95yr6145JXZo46OTpFvDZWLfRCE4qChOyk1b26nMaNpfHHgxagk9dXT5OP0Tfe+dQ==",
        "dependencies": {}
      },
      "node-stream-zip@1.15.0": {
        "integrity": "sha512-LN4fydt9TqhZhThkZIVQnF9cwjU3qmUH9h78Mx/K7d3VvfRqqwthLwJEUOEL0QPZ0XQmNN7be5Ggit5+4dq3Bw==",
        "dependencies": {}
      },
      "semiver@1.1.0": {
        "integrity": "sha512-QNI2ChmuioGC1/xjyYwyZYADILWyW6AmS1UH6gDj/SFUUUS4MBAWs/7mxnkRPc/F4iHezDP+O8t0dO8WHiEOdg==",
        "dependencies": {}
      }
    }
  },
  "remote": {},
  "workspace": {
    "dependencies": [
      "jsr:@opentf/obj-diff@^0.11.0",
      "jsr:@std/assert@^0.225.2",
      "jsr:@std/async@^0.224.0",
      "jsr:@std/collections@^0.224.2",
      "jsr:@std/encoding@^0.224.1",
      "jsr:@std/fmt@^0.225.1",
      "jsr:@std/html@^0.224.0",
      "jsr:@std/media-types@^0.224.1",
      "jsr:@std/path@^0.225.1",
      "jsr:@std/semver@^0.224.0",
      "jsr:@std/url@^0.224.0",
      "npm:json5"
    ],
    "packageJson": {
      "dependencies": [
        "npm:@jsr/opentf__obj-diff@^0.11.0",
        "npm:@jsr/std__assert@1.0.0-rc.2",
        "npm:@jsr/std__async@1.0.0-rc.1",
        "npm:@jsr/std__collections@1.0.0-rc.1",
        "npm:@jsr/std__encoding@1.0.0-rc.2",
        "npm:@jsr/std__fmt@^0.225.4",
        "npm:@jsr/std__html@1.0.0-rc.1",
        "npm:@jsr/std__media-types@1.0.0-rc.1",
        "npm:@jsr/std__path@1.0.0-rc.2",
        "npm:@jsr/std__semver@^0.224.3",
        "npm:@jsr/std__url@1.0.0-rc.1",
        "npm:@types/web@^0.0.149",
        "npm:json5@^2.2.3",
        "npm:resolve.exports@^2.0.2",
        "npm:tsup@^8.1.0",
        "npm:tsx@^4.15.6",
        "npm:vitest@^1.6.0"
      ]
    }
  }
}
